// !$*UTF8*$!
{
	archiveVersion = 1;
	classes = {
	};
	objectVersion = 48;
	objects = {

/* Begin PBXBuildFile section */
		1472F45F1FEE80AC007A99FE /* AppDelegate.swift in Sources */ = {isa = PBXBuildFile; fileRef = 1472F45E1FEE80AC007A99FE /* AppDelegate.swift */; };
		1472F4611FEE80AC007A99FE /* ViewController.swift in Sources */ = {isa = PBXBuildFile; fileRef = 1472F4601FEE80AC007A99FE /* ViewController.swift */; };
		1472F4641FEE80AC007A99FE /* Main.storyboard in Resources */ = {isa = PBXBuildFile; fileRef = 1472F4621FEE80AC007A99FE /* Main.storyboard */; };
		1472F4661FEE80AC007A99FE /* Assets.xcassets in Resources */ = {isa = PBXBuildFile; fileRef = 1472F4651FEE80AC007A99FE /* Assets.xcassets */; };
		1472F4691FEE80AC007A99FE /* LaunchScreen.storyboard in Resources */ = {isa = PBXBuildFile; fileRef = 1472F4671FEE80AC007A99FE /* LaunchScreen.storyboard */; };
/* End PBXBuildFile section */

/* Begin PBXFileReference section */
		1472F45B1FEE80AC007A99FE /* Todooy.app */ = {isa = PBXFileReference; explicitFileType = wrapper.application; includeInIndex = 0; path = Todooy.app; sourceTree = BUILT_PRODUCTS_DIR; };
		1472F45E1FEE80AC007A99FE /* AppDelegate.swift */ = {isa = PBXFileReference; lastKnownFileType = sourcecode.swift; path = AppDelegate.swift; sourceTree = "<group>"; };
		1472F4601FEE80AC007A99FE /* ViewController.swift */ = {isa = PBXFileReference; lastKnownFileType = sourcecode.swift; path = ViewController.swift; sourceTree = "<group>"; };
		1472F4631FEE80AC007A99FE /* Base */ = {isa = PBXFileReference; lastKnownFileType = file.storyboard; name = Base; path = Base.lproj/Main.storyboard; sourceTree = "<group>"; };
		1472F4651FEE80AC007A99FE /* Assets.xcassets */ = {isa = PBXFileReference; lastKnownFileType = folder.assetcatalog; path = Assets.xcassets; sourceTree = "<group>"; };
		1472F4681FEE80AC007A99FE /* Base */ = {isa = PBXFileReference; lastKnownFileType = file.storyboard; name = Base; path = Base.lproj/LaunchScreen.storyboard; sourceTree = "<group>"; };
		1472F46A1FEE80AC007A99FE /* Info.plist */ = {isa = PBXFileReference; lastKnownFileType = text.plist.xml; path = Info.plist; sourceTree = "<group>"; };
/* End PBXFileReference section */

/* Begin PBXFrameworksBuildPhase section */
		1472F4581FEE80AC007A99FE /* Frameworks */ = {
			isa = PBXFrameworksBuildPhase;
			buildActionMask = 2147483647;
			files = (
			);
			runOnlyForDeploymentPostprocessing = 0;
		};
/* End PBXFrameworksBuildPhase section */

/* Begin PBXGroup section */
		1472F4521FEE80AC007A99FE = {
			isa = PBXGroup;
			children = (
				1472F45D1FEE80AC007A99FE /* Todooy */,
				1472F45C1FEE80AC007A99FE /* Products */,
			);
			sourceTree = "<group>";
		};
		1472F45C1FEE80AC007A99FE /* Products */ = {
			isa = PBXGroup;
			children = (
				1472F45B1FEE80AC007A99FE /* Todooy.app */,
			);
			name = Products;
			sourceTree = "<group>";
		};
		1472F45D1FEE80AC007A99FE /* Todooy */ = {
			isa = PBXGroup;
			children = (
				1472F45E1FEE80AC007A99FE /* AppDelegate.swift */,
				1472F4601FEE80AC007A99FE /* ViewController.swift */,
				1472F4621FEE80AC007A99FE /* Main.storyboard */,
				1472F4651FEE80AC007A99FE /* Assets.xcassets */,
				1472F4671FEE80AC007A99FE /* LaunchScreen.storyboard */,
				1472F46A1FEE80AC007A99FE /* Info.plist */,
			);
			path = Todooy;
			sourceTree = "<group>";
		};
/* End PBXGroup section */

/* Begin PBXNativeTarget section */
		1472F45A1FEE80AC007A99FE /* Todooy */ = {
			isa = PBXNativeTarget;
			buildConfigurationList = 1472F46D1FEE80AC007A99FE /* Build configuration list for PBXNativeTarget "Todooy" */;
			buildPhases = (
				1472F4571FEE80AC007A99FE /* Sources */,
				1472F4581FEE80AC007A99FE /* Frameworks */,
				1472F4591FEE80AC007A99FE /* Resources */,
			);
			buildRules = (
			);
			dependencies = (
			);
			name = Todooy;
			productName = Todooy;
			productReference = 1472F45B1FEE80AC007A99FE /* Todooy.app */;
			productType = "com.apple.product-type.application";
		};
/* End PBXNativeTarget section */

/* Begin PBXProject section */
		1472F4531FEE80AC007A99FE /* Project object */ = {
			isa = PBXProject;
			attributes = {
				LastSwiftUpdateCheck = 0920;
				LastUpgradeCheck = 0920;
				ORGANIZATIONNAME = "Lou Macleod";
				TargetAttributes = {
					1472F45A1FEE80AC007A99FE = {
						CreatedOnToolsVersion = 9.2;
						ProvisioningStyle = Automatic;
					};
				};
			};
			buildConfigurationList = 1472F4561FEE80AC007A99FE /* Build configuration list for PBXProject "Todooy" */;
			compatibilityVersion = "Xcode 8.0";
			developmentRegion = en;
			hasScannedForEncodings = 0;
			knownRegions = (
				en,
				Base,
			);
			mainGroup = 1472F4521FEE80AC007A99FE;
			productRefGroup = 1472F45C1FEE80AC007A99FE /* Products */;
			projectDirPath = "";
			projectRoot = "";
			targets = (
				1472F45A1FEE80AC007A99FE /* Todooy */,
			);
		};
/* End PBXProject section */

/* Begin PBXResourcesBuildPhase section */
		1472F4591FEE80AC007A99FE /* Resources */ = {
			isa = PBXResourcesBuildPhase;
			buildActionMask = 2147483647;
			files = (
				1472F4691FEE80AC007A99FE /* LaunchScreen.storyboard in Resources */,
				1472F4661FEE80AC007A99FE /* Assets.xcassets in Resources */,
				1472F4641FEE80AC007A99FE /* Main.storyboard in Resources */,
			);
			runOnlyForDeploymentPostprocessing = 0;
		};
/* End PBXResourcesBuildPhase section */

/* Begin PBXSourcesBuildPhase section */
		1472F4571FEE80AC007A99FE /* Sources */ = {
			isa = PBXSourcesBuildPhase;
			buildActionMask = 2147483647;
			files = (
				1472F4611FEE80AC007A99FE /* ViewController.swift in Sources */,
				1472F45F1FEE80AC007A99FE /* AppDelegate.swift in Sources */,
			);
			runOnlyForDeploymentPostprocessing = 0;
		};
/* End PBXSourcesBuildPhase section */

/* Begin PBXVariantGroup section */
		1472F4621FEE80AC007A99FE /* Main.storyboard */ = {
			isa = PBXVariantGroup;
			children = (
				1472F4631FEE80AC007A99FE /* Base */,
			);
			name = Main.storyboard;
			sourceTree = "<group>";
		};
		1472F4671FEE80AC007A99FE /* LaunchScreen.storyboard */ = {
			isa = PBXVariantGroup;
			children = (
				1472F4681FEE80AC007A99FE /* Base */,
			);
			name = LaunchScreen.storyboard;
			sourceTree = "<group>";
		};
/* End PBXVariantGroup section */

/* Begin XCBuildConfiguration section */
		1472F46B1FEE80AC007A99FE /* Debug */ = {
			isa = XCBuildConfiguration;
			buildSettings = {
				ALWAYS_SEARCH_USER_PATHS = NO;
				CLANG_ANALYZER_NONNULL = YES;
				CLANG_ANALYZER_NUMBER_OBJECT_CONVERSION = YES_AGGRESSIVE;
				CLANG_CXX_LANGUAGE_STANDARD = "gnu++14";
				CLANG_CXX_LIBRARY = "libc++";
				CLANG_ENABLE_MODULES = YES;
				CLANG_ENABLE_OBJC_ARC = YES;
				CLANG_WARN_BLOCK_CAPTURE_AUTORELEASING = YES;
				CLANG_WARN_BOOL_CONVERSION = YES;
				CLANG_WARN_COMMA = YES;
				CLANG_WARN_CONSTANT_CONVERSION = YES;
				CLANG_WARN_DIRECT_OBJC_ISA_USAGE = YES_ERROR;
				CLANG_WARN_DOCUMENTATION_COMMENTS = YES;
				CLANG_WARN_EMPTY_BODY = YES;
				CLANG_WARN_ENUM_CONVERSION = YES;
				CLANG_WARN_INFINITE_RECURSION = YES;
				CLANG_WARN_INT_CONVERSION = YES;
				CLANG_WARN_NON_LITERAL_NULL_CONVERSION = YES;
				CLANG_WARN_OBJC_LITERAL_CONVERSION = YES;
				CLANG_WARN_OBJC_ROOT_CLASS = YES_ERROR;
				CLANG_WARN_RANGE_LOOP_ANALYSIS = YES;
				CLANG_WARN_STRICT_PROTOTYPES = YES;
				CLANG_WARN_SUSPICIOUS_MOVE = YES;
				CLANG_WARN_UNGUARDED_AVAILABILITY = YES_AGGRESSIVE;
				CLANG_WARN_UNREACHABLE_CODE = YES;
				CLANG_WARN__DUPLICATE_METHOD_MATCH = YES;
				CODE_SIGN_IDENTITY = "iPhone Developer";
				COPY_PHASE_STRIP = NO;
				DEBUG_INFORMATION_FORMAT = dwarf;
				ENABLE_STRICT_OBJC_MSGSEND = YES;
				ENABLE_TESTABILITY = YES;
				GCC_C_LANGUAGE_STANDARD = gnu11;
				GCC_DYNAMIC_NO_PIC = NO;
				GCC_NO_COMMON_BLOCKS = YES;
				GCC_OPTIMIZATION_LEVEL = 0;
				GCC_PREPROCESSOR_DEFINITIONS = (
					"DEBUG=1",
					"$(inherited)",
				);
				GCC_WARN_64_TO_32_BIT_CONVERSION = YES;
				GCC_WARN_ABOUT_RETURN_TYPE = YES_ERROR;
				GCC_WARN_UNDECLARED_SELECTOR = YES;
				GCC_WARN_UNINITIALIZED_AUTOS = YES_AGGRESSIVE;
				GCC_WARN_UNUSED_FUNCTION = YES;
				GCC_WARN_UNUSED_VARIABLE = YES;
				IPHONEOS_DEPLOYMENT_TARGET = 11.2;
				MTL_ENABLE_DEBUG_INFO = YES;
				ONLY_ACTIVE_ARCH = YES;
				SDKROOT = iphoneos;
				SWIFT_ACTIVE_COMPILATION_CONDITIONS = DEBUG;
				SWIFT_OPTIMIZATION_LEVEL = "-Onone";
			};
			name = Debug;
		};
		1472F46C1FEE80AC007A99FE /* Release */ = {
			isa = XCBuildConfiguration;
			buildSettings = {
				ALWAYS_SEARCH_USER_PATHS = NO;
				CLANG_ANALYZER_NONNULL = YES;
				CLANG_ANALYZER_NUMBER_OBJECT_CONVERSION = YES_AGGRESSIVE;
				CLANG_CXX_LANGUAGE_STANDARD = "gnu++14";
				CLANG_CXX_LIBRARY = "libc++";
				CLANG_ENABLE_MODULES = YES;
				CLANG_ENABLE_OBJC_ARC = YES;
				CLANG_WARN_BLOCK_CAPTURE_AUTORELEASING = YES;
				CLANG_WARN_BOOL_CONVERSION = YES;
				CLANG_WARN_COMMA = YES;
				CLANG_WARN_CONSTANT_CONVERSION = YES;
				CLANG_WARN_DIRECT_OBJC_ISA_USAGE = YES_ERROR;
				CLANG_WARN_DOCUMENTATION_COMMENTS = YES;
				CLANG_WARN_EMPTY_BODY = YES;
				CLANG_WARN_ENUM_CONVERSION = YES;
				CLANG_WARN_INFINITE_RECURSION = YES;
				CLANG_WARN_INT_CONVERSION = YES;
				CLANG_WARN_NON_LITERAL_NULL_CONVERSION = YES;
				CLANG_WARN_OBJC_LITERAL_CONVERSION = YES;
				CLANG_WARN_OBJC_ROOT_CLASS = YES_ERROR;
				CLANG_WARN_RANGE_LOOP_ANALYSIS = YES;
				CLANG_WARN_STRICT_PROTOTYPES = YES;
				CLANG_WARN_SUSPICIOUS_MOVE = YES;
				CLANG_WARN_UNGUARDED_AVAILABILITY = YES_AGGRESSIVE;
				CLANG_WARN_UNREACHABLE_CODE = YES;
				CLANG_WARN__DUPLICATE_METHOD_MATCH = YES;
				CODE_SIGN_IDENTITY = "iPhone Developer";
				COPY_PHASE_STRIP = NO;
				DEBUG_INFORMATION_FORMAT = "dwarf-with-dsym";
				ENABLE_NS_ASSERTIONS = NO;
				ENABLE_STRICT_OBJC_MSGSEND = YES;
				GCC_C_LANGUAGE_STANDARD = gnu11;
				GCC_NO_COMMON_BLOCKS = YES;
				GCC_WARN_64_TO_32_BIT_CONVERSION = YES;
				GCC_WARN_ABOUT_RETURN_TYPE = YES_ERROR;
				GCC_WARN_UNDECLARED_SELECTOR = YES;
				GCC_WARN_UNINITIALIZED_AUTOS = YES_AGGRESSIVE;
				GCC_WARN_UNUSED_FUNCTION = YES;
				GCC_WARN_UNUSED_VARIABLE = YES;
				IPHONEOS_DEPLOYMENT_TARGET = 11.2;
				MTL_ENABLE_DEBUG_INFO = NO;
				SDKROOT = iphoneos;
				SWIFT_OPTIMIZATION_LEVEL = "-Owholemodule";
				VALIDATE_PRODUCT = YES;
			};
			name = Release;
		};
		1472F46E1FEE80AC007A99FE /* Debug */ = {
			isa = XCBuildConfiguration;
			buildSettings = {
				ASSETCATALOG_COMPILER_APPICON_NAME = AppIcon;
				CODE_SIGN_STYLE = Automatic;
				DEVELOPMENT_TEAM = 7S7KR2L48Y;
				INFOPLIST_FILE = Todooy/Info.plist;
				LD_RUNPATH_SEARCH_PATHS = "$(inherited) @executable_path/Frameworks";
				PRODUCT_BUNDLE_IDENTIFIER = com.loumacleod.Todooy;
				PRODUCT_NAME = "$(TARGET_NAME)";
				SWIFT_VERSION = 4.0;
				TARGETED_DEVICE_FAMILY = "1,2";
			};
			name = Debug;
		};
		1472F46F1FEE80AC007A99FE /* Release */ = {
			isa = XCBuildConfiguration;
			buildSettings = {
				ASSETCATALOG_COMPILER_APPICON_NAME = AppIcon;
				CODE_SIGN_STYLE = Automatic;
				DEVELOPMENT_TEAM = 7S7KR2L48Y;
				INFOPLIST_FILE = Todooy/Info.plist;
				LD_RUNPATH_SEARCH_PATHS = "$(inherited) @executable_path/Frameworks";
				PRODUCT_BUNDLE_IDENTIFIER = com.loumacleod.Todooy;
				PRODUCT_NAME = "$(TARGET_NAME)";
				SWIFT_VERSION = 4.0;
				TARGETED_DEVICE_FAMILY = "1,2";
			};
			name = Release;
		};
/* End XCBuildConfiguration section */

/* Begin XCConfigurationList section */
		1472F4561FEE80AC007A99FE /* Build configuration list for PBXProject "Todooy" */ = {
			isa = XCConfigurationList;
			buildConfigurations = (
				1472F46B1FEE80AC007A99FE /* Debug */,
				1472F46C1FEE80AC007A99FE /* Release */,
			);
			defaultConfigurationIsVisible = 0;
			defaultConfigurationName = Release;
		};
		1472F46D1FEE80AC007A99FE /* Build configuration list for PBXNativeTarget "Todooy" */ = {
			isa = XCConfigurationList;
			buildConfigurations = (
				1472F46E1FEE80AC007A99FE /* Debug */,
				1472F46F1FEE80AC007A99FE /* Release */,
			);
			defaultConfigurationIsVisible = 0;
			defaultConfigurationName = Release;
		};
/* End XCConfigurationList section */
	};
	rootObject = 1472F4531FEE80AC007A99FE /* Project object */;
}
